
Microsoft Visual Studio Solution File, Format Version 12.00
# Visual Studio 15
VisualStudioVersion = 15.0.28307.539
MinimumVisualStudioVersion = 10.0.40219.1
Project("{FAE04EC0-301F-11D3-BF4B-00C04F79EFBC}") = "GarthToland.Store", "GarthToland.Store\GarthToland.Store.csproj", "{6D7A166E-AC7A-4FCE-BA19-D08661304FAE}"
EndProject
Global
	GlobalSection(SolutionConfigurationPlatforms) = preSolution
		Debug|Any CPU = Debug|Any CPU
		Release|Any CPU = Release|Any CPU
	EndGlobalSection
	GlobalSection(ProjectConfigurationPlatforms) = postSolution
		{6D7A166E-AC7A-4FCE-BA19-D08661304FAE}.Debug|Any CPU.ActiveCfg = Debug|Any CPU
		{6D7A166E-AC7A-4FCE-BA19-D08661304FAE}.Debug|Any CPU.Build.0 = Debug|Any CPU
		{6D7A166E-AC7A-4FCE-BA19-D08661304FAE}.Release|Any CPU.ActiveCfg = Release|Any CPU
		{6D7A166E-AC7A-4FCE-BA19-D08661304FAE}.Release|Any CPU.Build.0 = Release|Any CPU
	EndGlobalSection
	GlobalSection(SolutionProperties) = preSolution
		HideSolutionNode = FALSE
	EndGlobalSection
	GlobalSection(ExtensibilityGlobals) = postSolution
		SolutionGuid = {78550E62-6EDD-4C1D-9D3D-356E096FA30A}
	EndGlobalSection
EndGlobal
